
Microsoft Visual Studio Solution File, Format Version 12.00
# Visual Studio Version 17
VisualStudioVersion = 17.5.33502.453
MinimumVisualStudioVersion = 10.0.40219.1
Project("{9A19103F-16F7-4668-BE54-9A1E7A4F7556}") = "VirtualHereLib", "VirtualHereLib\VirtualHereLib.csproj", "{39300A96-C77D-4224-8533-14AE52AE06CE}"
EndProject
Project("{FAE04EC0-301F-11D3-BF4B-00C04F79EFBC}") = "VirtualHereTestApp", "VirtualHereTestApp\VirtualHereTestApp.csproj", "{785B44CA-363B-4E5A-88CC-40FC9BB2AD0D}"
EndProject
Global
	GlobalSection(SolutionConfigurationPlatforms) = preSolution
		Debug|Any CPU = Debug|Any CPU
		Release|Any CPU = Release|Any CPU
	EndGlobalSection
	GlobalSection(ProjectConfigurationPlatforms) = postSolution
		{39300A96-C77D-4224-8533-14AE52AE06CE}.Debug|Any CPU.ActiveCfg = Debug|Any CPU
		{39300A96-C77D-4224-8533-14AE52AE06CE}.Debug|Any CPU.Build.0 = Debug|Any CPU
		{39300A96-C77D-4224-8533-14AE52AE06CE}.Release|Any CPU.ActiveCfg = Release|Any CPU
		{39300A96-C77D-4224-8533-14AE52AE06CE}.Release|Any CPU.Build.0 = Release|Any CPU
		{785B44CA-363B-4E5A-88CC-40FC9BB2AD0D}.Debug|Any CPU.ActiveCfg = Debug|Any CPU
		{785B44CA-363B-4E5A-88CC-40FC9BB2AD0D}.Debug|Any CPU.Build.0 = Debug|Any CPU
		{785B44CA-363B-4E5A-88CC-40FC9BB2AD0D}.Release|Any CPU.ActiveCfg = Release|Any CPU
		{785B44CA-363B-4E5A-88CC-40FC9BB2AD0D}.Release|Any CPU.Build.0 = Release|Any CPU
	EndGlobalSection
	GlobalSection(SolutionProperties) = preSolution
		HideSolutionNode = FALSE
	EndGlobalSection
	GlobalSection(ExtensibilityGlobals) = postSolution
		SolutionGuid = {14201486-EA89-427F-9D01-0E1BB732A586}
	EndGlobalSection
EndGlobal
